
Microsoft Visual Studio Solution File, Format Version 12.00
# Visual Studio Version 17
VisualStudioVersion = 17.0.31903.59
MinimumVisualStudioVersion = 10.0.40219.1
Project("{2150E333-8FDC-42A3-9474-1A3956D46DE8}") = "src", "src", "{827E0CD3-B72D-47B6-A68D-7590B98EB39B}"
EndProject
Project("{FAE04EC0-301F-11D3-BF4B-00C04F79EFBC}") = "Aido.SharedKernel", "src\Aido.SharedKernel\Aido.SharedKernel.csproj", "{BD47A8F3-F846-466E-B7B5-A19827FE4BFA}"
EndProject
Project("{FAE04EC0-301F-11D3-BF4B-00C04F79EFBC}") = "Aido.Core", "src\Aido.Core\Aido.Core.csproj", "{0EED404C-F36C-4BA6-9165-FBC4D807758B}"
EndProject
Project("{FAE04EC0-301F-11D3-BF4B-00C04F79EFBC}") = "Aido.Application", "src\Aido.Application\Aido.Application.csproj", "{3C349064-92BB-4C4D-8FAD-174C336BAFC7}"
EndProject
Project("{FAE04EC0-301F-11D3-BF4B-00C04F79EFBC}") = "Aido.Infrastructure", "src\Aido.Infrastructure\Aido.Infrastructure.csproj", "{070BA473-1205-4111-ADFD-B46664A352CC}"
EndProject
Project("{FAE04EC0-301F-11D3-BF4B-00C04F79EFBC}") = "Aido.Presentation", "src\Aido.Presentation\Aido.Presentation.csproj", "{11785B72-5C53-46CF-9697-741D9F3E1465}"
EndProject
Project("{2150E333-8FDC-42A3-9474-1A3956D46DE8}") = "tests", "tests", "{0AB3BF05-4346-4AA6-1389-037BE0695223}"
EndProject
Project("{FAE04EC0-301F-11D3-BF4B-00C04F79EFBC}") = "Aido.Core.UnitTests", "tests\Aido.Core.UnitTests\Aido.Core.UnitTests.csproj", "{6AFF5561-CCCA-4B9B-A81D-6FD529523307}"
EndProject
Project("{FAE04EC0-301F-11D3-BF4B-00C04F79EFBC}") = "Aido.Application.UnitTests", "tests\Aido.Application.UnitTests\Aido.Application.UnitTests.csproj", "{71043317-3C1C-4F8B-BFB4-29E2BC3BE851}"
EndProject
Project("{FAE04EC0-301F-11D3-BF4B-00C04F79EFBC}") = "Aido.Infrastructure.UnitTests", "tests\Aido.Infrastructure.UnitTests\Aido.Infrastructure.UnitTests.csproj", "{95984819-9EC0-4C87-8927-87802A63B3B6}"
EndProject
Project("{FAE04EC0-301F-11D3-BF4B-00C04F79EFBC}") = "Aido.Presentation.UnitTests", "tests\Aido.Presentation.UnitTests\Aido.Presentation.UnitTests.csproj", "{6DBD9FFD-80B0-43B4-899B-FF806E405EB9}"
EndProject
Global
	GlobalSection(SolutionConfigurationPlatforms) = preSolution
		Debug|Any CPU = Debug|Any CPU
		Debug|x64 = Debug|x64
		Debug|x86 = Debug|x86
		Release|Any CPU = Release|Any CPU
		Release|x64 = Release|x64
		Release|x86 = Release|x86
	EndGlobalSection
	GlobalSection(ProjectConfigurationPlatforms) = postSolution
		{BD47A8F3-F846-466E-B7B5-A19827FE4BFA}.Debug|Any CPU.ActiveCfg = Debug|Any CPU
		{BD47A8F3-F846-466E-B7B5-A19827FE4BFA}.Debug|Any CPU.Build.0 = Debug|Any CPU
		{BD47A8F3-F846-466E-B7B5-A19827FE4BFA}.Debug|x64.ActiveCfg = Debug|Any CPU
		{BD47A8F3-F846-466E-B7B5-A19827FE4BFA}.Debug|x64.Build.0 = Debug|Any CPU
		{BD47A8F3-F846-466E-B7B5-A19827FE4BFA}.Debug|x86.ActiveCfg = Debug|Any CPU
		{BD47A8F3-F846-466E-B7B5-A19827FE4BFA}.Debug|x86.Build.0 = Debug|Any CPU
		{BD47A8F3-F846-466E-B7B5-A19827FE4BFA}.Release|Any CPU.ActiveCfg = Release|Any CPU
		{BD47A8F3-F846-466E-B7B5-A19827FE4BFA}.Release|Any CPU.Build.0 = Release|Any CPU
		{BD47A8F3-F846-466E-B7B5-A19827FE4BFA}.Release|x64.ActiveCfg = Release|Any CPU
		{BD47A8F3-F846-466E-B7B5-A19827FE4BFA}.Release|x64.Build.0 = Release|Any CPU
		{BD47A8F3-F846-466E-B7B5-A19827FE4BFA}.Release|x86.ActiveCfg = Release|Any CPU
		{BD47A8F3-F846-466E-B7B5-A19827FE4BFA}.Release|x86.Build.0 = Release|Any CPU
		{0EED404C-F36C-4BA6-9165-FBC4D807758B}.Debug|Any CPU.ActiveCfg = Debug|Any CPU
		{0EED404C-F36C-4BA6-9165-FBC4D807758B}.Debug|Any CPU.Build.0 = Debug|Any CPU
		{0EED404C-F36C-4BA6-9165-FBC4D807758B}.Debug|x64.ActiveCfg = Debug|Any CPU
		{0EED404C-F36C-4BA6-9165-FBC4D807758B}.Debug|x64.Build.0 = Debug|Any CPU
		{0EED404C-F36C-4BA6-9165-FBC4D807758B}.Debug|x86.ActiveCfg = Debug|Any CPU
		{0EED404C-F36C-4BA6-9165-FBC4D807758B}.Debug|x86.Build.0 = Debug|Any CPU
		{0EED404C-F36C-4BA6-9165-FBC4D807758B}.Release|Any CPU.ActiveCfg = Release|Any CPU
		{0EED404C-F36C-4BA6-9165-FBC4D807758B}.Release|Any CPU.Build.0 = Release|Any CPU
		{0EED404C-F36C-4BA6-9165-FBC4D807758B}.Release|x64.ActiveCfg = Release|Any CPU
		{0EED404C-F36C-4BA6-9165-FBC4D807758B}.Release|x64.Build.0 = Release|Any CPU
		{0EED404C-F36C-4BA6-9165-FBC4D807758B}.Release|x86.ActiveCfg = Release|Any CPU
		{0EED404C-F36C-4BA6-9165-FBC4D807758B}.Release|x86.Build.0 = Release|Any CPU
		{3C349064-92BB-4C4D-8FAD-174C336BAFC7}.Debug|Any CPU.ActiveCfg = Debug|Any CPU
		{3C349064-92BB-4C4D-8FAD-174C336BAFC7}.Debug|Any CPU.Build.0 = Debug|Any CPU
		{3C349064-92BB-4C4D-8FAD-174C336BAFC7}.Debug|x64.ActiveCfg = Debug|Any CPU
		{3C349064-92BB-4C4D-8FAD-174C336BAFC7}.Debug|x64.Build.0 = Debug|Any CPU
		{3C349064-92BB-4C4D-8FAD-174C336BAFC7}.Debug|x86.ActiveCfg = Debug|Any CPU
		{3C349064-92BB-4C4D-8FAD-174C336BAFC7}.Debug|x86.Build.0 = Debug|Any CPU
		{3C349064-92BB-4C4D-8FAD-174C336BAFC7}.Release|Any CPU.ActiveCfg = Release|Any CPU
		{3C349064-92BB-4C4D-8FAD-174C336BAFC7}.Release|Any CPU.Build.0 = Release|Any CPU
		{3C349064-92BB-4C4D-8FAD-174C336BAFC7}.Release|x64.ActiveCfg = Release|Any CPU
		{3C349064-92BB-4C4D-8FAD-174C336BAFC7}.Release|x64.Build.0 = Release|Any CPU
		{3C349064-92BB-4C4D-8FAD-174C336BAFC7}.Release|x86.ActiveCfg = Release|Any CPU
		{3C349064-92BB-4C4D-8FAD-174C336BAFC7}.Release|x86.Build.0 = Release|Any CPU
		{070BA473-1205-4111-ADFD-B46664A352CC}.Debug|Any CPU.ActiveCfg = Debug|Any CPU
		{070BA473-1205-4111-ADFD-B46664A352CC}.Debug|Any CPU.Build.0 = Debug|Any CPU
		{070BA473-1205-4111-ADFD-B46664A352CC}.Debug|x64.ActiveCfg = Debug|Any CPU
		{070BA473-1205-4111-ADFD-B46664A352CC}.Debug|x64.Build.0 = Debug|Any CPU
		{070BA473-1205-4111-ADFD-B46664A352CC}.Debug|x86.ActiveCfg = Debug|Any CPU
		{070BA473-1205-4111-ADFD-B46664A352CC}.Debug|x86.Build.0 = Debug|Any CPU
		{070BA473-1205-4111-ADFD-B46664A352CC}.Release|Any CPU.ActiveCfg = Release|Any CPU
		{070BA473-1205-4111-ADFD-B46664A352CC}.Release|Any CPU.Build.0 = Release|Any CPU
		{070BA473-1205-4111-ADFD-B46664A352CC}.Release|x64.ActiveCfg = Release|Any CPU
		{070BA473-1205-4111-ADFD-B46664A352CC}.Release|x64.Build.0 = Release|Any CPU
		{070BA473-1205-4111-ADFD-B46664A352CC}.Release|x86.ActiveCfg = Release|Any CPU
		{070BA473-1205-4111-ADFD-B46664A352CC}.Release|x86.Build.0 = Release|Any CPU
		{11785B72-5C53-46CF-9697-741D9F3E1465}.Debug|Any CPU.ActiveCfg = Debug|Any CPU
		{11785B72-5C53-46CF-9697-741D9F3E1465}.Debug|Any CPU.Build.0 = Debug|Any CPU
		{11785B72-5C53-46CF-9697-741D9F3E1465}.Debug|x64.ActiveCfg = Debug|Any CPU
		{11785B72-5C53-46CF-9697-741D9F3E1465}.Debug|x64.Build.0 = Debug|Any CPU
		{11785B72-5C53-46CF-9697-741D9F3E1465}.Debug|x86.ActiveCfg = Debug|Any CPU
		{11785B72-5C53-46CF-9697-741D9F3E1465}.Debug|x86.Build.0 = Debug|Any CPU
		{11785B72-5C53-46CF-9697-741D9F3E1465}.Release|Any CPU.ActiveCfg = Release|Any CPU
		{11785B72-5C53-46CF-9697-741D9F3E1465}.Release|Any CPU.Build.0 = Release|Any CPU
		{11785B72-5C53-46CF-9697-741D9F3E1465}.Release|x64.ActiveCfg = Release|Any CPU
		{11785B72-5C53-46CF-9697-741D9F3E1465}.Release|x64.Build.0 = Release|Any CPU
		{11785B72-5C53-46CF-9697-741D9F3E1465}.Release|x86.ActiveCfg = Release|Any CPU
		{11785B72-5C53-46CF-9697-741D9F3E1465}.Release|x86.Build.0 = Release|Any CPU
		{6AFF5561-CCCA-4B9B-A81D-6FD529523307}.Debug|Any CPU.ActiveCfg = Debug|Any CPU
		{6AFF5561-CCCA-4B9B-A81D-6FD529523307}.Debug|Any CPU.Build.0 = Debug|Any CPU
		{6AFF5561-CCCA-4B9B-A81D-6FD529523307}.Debug|x64.ActiveCfg = Debug|Any CPU
		{6AFF5561-CCCA-4B9B-A81D-6FD529523307}.Debug|x64.Build.0 = Debug|Any CPU
		{6AFF5561-CCCA-4B9B-A81D-6FD529523307}.Debug|x86.ActiveCfg = Debug|Any CPU
		{6AFF5561-CCCA-4B9B-A81D-6FD529523307}.Debug|x86.Build.0 = Debug|Any CPU
		{6AFF5561-CCCA-4B9B-A81D-6FD529523307}.Release|Any CPU.ActiveCfg = Release|Any CPU
		{6AFF5561-CCCA-4B9B-A81D-6FD529523307}.Release|Any CPU.Build.0 = Release|Any CPU
		{6AFF5561-CCCA-4B9B-A81D-6FD529523307}.Release|x64.ActiveCfg = Release|Any CPU
		{6AFF5561-CCCA-4B9B-A81D-6FD529523307}.Release|x64.Build.0 = Release|Any CPU
		{6AFF5561-CCCA-4B9B-A81D-6FD529523307}.Release|x86.ActiveCfg = Release|Any CPU
		{6AFF5561-CCCA-4B9B-A81D-6FD529523307}.Release|x86.Build.0 = Release|Any CPU
		{71043317-3C1C-4F8B-BFB4-29E2BC3BE851}.Debug|Any CPU.ActiveCfg = Debug|Any CPU
		{71043317-3C1C-4F8B-BFB4-29E2BC3BE851}.Debug|Any CPU.Build.0 = Debug|Any CPU
		{71043317-3C1C-4F8B-BFB4-29E2BC3BE851}.Debug|x64.ActiveCfg = Debug|Any CPU
		{71043317-3C1C-4F8B-BFB4-29E2BC3BE851}.Debug|x64.Build.0 = Debug|Any CPU
		{71043317-3C1C-4F8B-BFB4-29E2BC3BE851}.Debug|x86.ActiveCfg = Debug|Any CPU
		{71043317-3C1C-4F8B-BFB4-29E2BC3BE851}.Debug|x86.Build.0 = Debug|Any CPU
		{71043317-3C1C-4F8B-BFB4-29E2BC3BE851}.Release|Any CPU.ActiveCfg = Release|Any CPU
		{71043317-3C1C-4F8B-BFB4-29E2BC3BE851}.Release|Any CPU.Build.0 = Release|Any CPU
		{71043317-3C1C-4F8B-BFB4-29E2BC3BE851}.Release|x64.ActiveCfg = Release|Any CPU
		{71043317-3C1C-4F8B-BFB4-29E2BC3BE851}.Release|x64.Build.0 = Release|Any CPU
		{71043317-3C1C-4F8B-BFB4-29E2BC3BE851}.Release|x86.ActiveCfg = Release|Any CPU
		{71043317-3C1C-4F8B-BFB4-29E2BC3BE851}.Release|x86.Build.0 = Release|Any CPU
		{95984819-9EC0-4C87-8927-87802A63B3B6}.Debug|Any CPU.ActiveCfg = Debug|Any CPU
		{95984819-9EC0-4C87-8927-87802A63B3B6}.Debug|Any CPU.Build.0 = Debug|Any CPU
		{95984819-9EC0-4C87-8927-87802A63B3B6}.Debug|x64.ActiveCfg = Debug|Any CPU
		{95984819-9EC0-4C87-8927-87802A63B3B6}.Debug|x64.Build.0 = Debug|Any CPU
		{95984819-9EC0-4C87-8927-87802A63B3B6}.Debug|x86.ActiveCfg = Debug|Any CPU
		{95984819-9EC0-4C87-8927-87802A63B3B6}.Debug|x86.Build.0 = Debug|Any CPU
		{95984819-9EC0-4C87-8927-87802A63B3B6}.Release|Any CPU.ActiveCfg = Release|Any CPU
		{95984819-9EC0-4C87-8927-87802A63B3B6}.Release|Any CPU.Build.0 = Release|Any CPU
		{95984819-9EC0-4C87-8927-87802A63B3B6}.Release|x64.ActiveCfg = Release|Any CPU
		{95984819-9EC0-4C87-8927-87802A63B3B6}.Release|x64.Build.0 = Release|Any CPU
		{95984819-9EC0-4C87-8927-87802A63B3B6}.Release|x86.ActiveCfg = Release|Any CPU
		{95984819-9EC0-4C87-8927-87802A63B3B6}.Release|x86.Build.0 = Release|Any CPU
		{6DBD9FFD-80B0-43B4-899B-FF806E405EB9}.Debug|Any CPU.ActiveCfg = Debug|Any CPU
		{6DBD9FFD-80B0-43B4-899B-FF806E405EB9}.Debug|Any CPU.Build.0 = Debug|Any CPU
		{6DBD9FFD-80B0-43B4-899B-FF806E405EB9}.Debug|x64.ActiveCfg = Debug|Any CPU
		{6DBD9FFD-80B0-43B4-899B-FF806E405EB9}.Debug|x64.Build.0 = Debug|Any CPU
		{6DBD9FFD-80B0-43B4-899B-FF806E405EB9}.Debug|x86.ActiveCfg = Debug|Any CPU
		{6DBD9FFD-80B0-43B4-899B-FF806E405EB9}.Debug|x86.Build.0 = Debug|Any CPU
		{6DBD9FFD-80B0-43B4-899B-FF806E405EB9}.Release|Any CPU.ActiveCfg = Release|Any CPU
		{6DBD9FFD-80B0-43B4-899B-FF806E405EB9}.Release|Any CPU.Build.0 = Release|Any CPU
		{6DBD9FFD-80B0-43B4-899B-FF806E405EB9}.Release|x64.ActiveCfg = Release|Any CPU
		{6DBD9FFD-80B0-43B4-899B-FF806E405EB9}.Release|x64.Build.0 = Release|Any CPU
		{6DBD9FFD-80B0-43B4-899B-FF806E405EB9}.Release|x86.ActiveCfg = Release|Any CPU
		{6DBD9FFD-80B0-43B4-899B-FF806E405EB9}.Release|x86.Build.0 = Release|Any CPU
	EndGlobalSection
	GlobalSection(SolutionProperties) = preSolution
		HideSolutionNode = FALSE
	EndGlobalSection
	GlobalSection(NestedProjects) = preSolution
		{BD47A8F3-F846-466E-B7B5-A19827FE4BFA} = {827E0CD3-B72D-47B6-A68D-7590B98EB39B}
		{0EED404C-F36C-4BA6-9165-FBC4D807758B} = {827E0CD3-B72D-47B6-A68D-7590B98EB39B}
		{3C349064-92BB-4C4D-8FAD-174C336BAFC7} = {827E0CD3-B72D-47B6-A68D-7590B98EB39B}
		{070BA473-1205-4111-ADFD-B46664A352CC} = {827E0CD3-B72D-47B6-A68D-7590B98EB39B}
		{11785B72-5C53-46CF-9697-741D9F3E1465} = {827E0CD3-B72D-47B6-A68D-7590B98EB39B}
		{6AFF5561-CCCA-4B9B-A81D-6FD529523307} = {0AB3BF05-4346-4AA6-1389-037BE0695223}
		{71043317-3C1C-4F8B-BFB4-29E2BC3BE851} = {0AB3BF05-4346-4AA6-1389-037BE0695223}
		{95984819-9EC0-4C87-8927-87802A63B3B6} = {0AB3BF05-4346-4AA6-1389-037BE0695223}
		{6DBD9FFD-80B0-43B4-899B-FF806E405EB9} = {0AB3BF05-4346-4AA6-1389-037BE0695223}
	EndGlobalSection
EndGlobal
